
Microsoft Visual Studio Solution File, Format Version 12.00
# Visual Studio Version 17
VisualStudioVersion = 17.5.002.0
MinimumVisualStudioVersion = 10.0.40219.1
Project("{9A19103F-16F7-4668-BE54-9A1E7A4F7556}") = "learningGithubActions", "learningGithubActions.csproj", "{8D2AE3CB-6A91-4CEA-90B8-E4154BA95162}"
EndProject
Global
	GlobalSection(SolutionConfigurationPlatforms) = preSolution
		Debug|Any CPU = Debug|Any CPU
		Release|Any CPU = Release|Any CPU
	EndGlobalSection
	GlobalSection(ProjectConfigurationPlatforms) = postSolution
		{8D2AE3CB-6A91-4CEA-90B8-E4154BA95162}.Debug|Any CPU.ActiveCfg = Debug|Any CPU
		{8D2AE3CB-6A91-4CEA-90B8-E4154BA95162}.Debug|Any CPU.Build.0 = Debug|Any CPU
		{8D2AE3CB-6A91-4CEA-90B8-E4154BA95162}.Release|Any CPU.ActiveCfg = Release|Any CPU
		{8D2AE3CB-6A91-4CEA-90B8-E4154BA95162}.Release|Any CPU.Build.0 = Release|Any CPU
	EndGlobalSection
	GlobalSection(SolutionProperties) = preSolution
		HideSolutionNode = FALSE
	EndGlobalSection
	GlobalSection(ExtensibilityGlobals) = postSolution
		SolutionGuid = {56A15C70-2CA6-4879-A249-81F068EAB47C}
	EndGlobalSection
EndGlobal
